// !$*UTF8*$!
{
	archiveVersion = 1;
	classes = {
	};
	objectVersion = 77;
	objects = {

/* Begin PBXBuildFile section */
		72611BD22EA0BB99008FECC2 /* README.md in Resources */ = {isa = PBXBuildFile; fileRef = 72611BD12EA0BB99008FECC2 /* README.md */; };
/* End PBXBuildFile section */

/* Begin PBXContainerItemProxy section */
		72367DE82E9F08B3000AA503 /* PBXContainerItemProxy */ = {
			isa = PBXContainerItemProxy;
			containerPortal = 72367DC92E9F08B1000AA503 /* Project object */;
			proxyType = 1;
			remoteGlobalIDString = 72367DD02E9F08B2000AA503;
			remoteInfo = LincRideAssessment;
		};
		72367DF22E9F08B3000AA503 /* PBXContainerItemProxy */ = {
			isa = PBXContainerItemProxy;
			containerPortal = 72367DC92E9F08B1000AA503 /* Project object */;
			proxyType = 1;
			remoteGlobalIDString = 72367DD02E9F08B2000AA503;
			remoteInfo = LincRideAssessment;
		};
/* End PBXContainerItemProxy section */

/* Begin PBXFileReference section */
		72367DD12E9F08B2000AA503 /* LincRideAssessment.app */ = {isa = PBXFileReference; explicitFileType = wrapper.application; includeInIndex = 0; path = LincRideAssessment.app; sourceTree = BUILT_PRODUCTS_DIR; };
		72367DE72E9F08B3000AA503 /* LincRideAssessmentTests.xctest */ = {isa = PBXFileReference; explicitFileType = wrapper.cfbundle; includeInIndex = 0; path = LincRideAssessmentTests.xctest; sourceTree = BUILT_PRODUCTS_DIR; };
		72367DF12E9F08B3000AA503 /* LincRideAssessmentUITests.xctest */ = {isa = PBXFileReference; explicitFileType = wrapper.cfbundle; includeInIndex = 0; path = LincRideAssessmentUITests.xctest; sourceTree = BUILT_PRODUCTS_DIR; };
		72611BD12EA0BB99008FECC2 /* README.md */ = {isa = PBXFileReference; lastKnownFileType = net.daringfireball.markdown; path = README.md; sourceTree = "<group>"; };
/* End PBXFileReference section */

/* Begin PBXFileSystemSynchronizedBuildFileExceptionSet section */
		72367DF92E9F08B3000AA503 /* Exceptions for "LincRideAssessment" folder in "LincRideAssessment" target */ = {
			isa = PBXFileSystemSynchronizedBuildFileExceptionSet;
			membershipExceptions = (
				Info.plist,
			);
			target = 72367DD02E9F08B2000AA503 /* LincRideAssessment */;
		};
/* End PBXFileSystemSynchronizedBuildFileExceptionSet section */

/* Begin PBXFileSystemSynchronizedRootGroup section */
		72367DD32E9F08B2000AA503 /* LincRideAssessment */ = {
			isa = PBXFileSystemSynchronizedRootGroup;
			exceptions = (
				72367DF92E9F08B3000AA503 /* Exceptions for "LincRideAssessment" folder in "LincRideAssessment" target */,
			);
			path = LincRideAssessment;
			sourceTree = "<group>";
		};
		72367DEA2E9F08B3000AA503 /* LincRideAssessmentTests */ = {
			isa = PBXFileSystemSynchronizedRootGroup;
			path = LincRideAssessmentTests;
			sourceTree = "<group>";
		};
		72367DF42E9F08B3000AA503 /* LincRideAssessmentUITests */ = {
			isa = PBXFileSystemSynchronizedRootGroup;
			path = LincRideAssessmentUITests;
			sourceTree = "<group>";
		};
/* End PBXFileSystemSynchronizedRootGroup section */

/* Begin PBXFrameworksBuildPhase section */
		72367DCE2E9F08B2000AA503 /* Frameworks */ = {
			isa = PBXFrameworksBuildPhase;
			buildActionMask = 2147483647;
			files = (
			);
			runOnlyForDeploymentPostprocessing = 0;
		};
		72367DE42E9F08B3000AA503 /* Frameworks */ = {
			isa = PBXFrameworksBuildPhase;
			buildActionMask = 2147483647;
			files = (
			);
			runOnlyForDeploymentPostprocessing = 0;
		};
		72367DEE2E9F08B3000AA503 /* Frameworks */ = {
			isa = PBXFrameworksBuildPhase;
			buildActionMask = 2147483647;
			files = (
			);
			runOnlyForDeploymentPostprocessing = 0;
		};
/* End PBXFrameworksBuildPhase section */

/* Begin PBXGroup section */
		72367DC82E9F08B1000AA503 = {
			isa = PBXGroup;
			children = (
				72367DD32E9F08B2000AA503 /* LincRideAssessment */,
				72367DEA2E9F08B3000AA503 /* LincRideAssessmentTests */,
				72367DF42E9F08B3000AA503 /* LincRideAssessmentUITests */,
				72367DD22E9F08B2000AA503 /* Products */,
				72611BD12EA0BB99008FECC2 /* README.md */,
			);
			sourceTree = "<group>";
		};
		72367DD22E9F08B2000AA503 /* Products */ = {
			isa = PBXGroup;
			children = (
				72367DD12E9F08B2000AA503 /* LincRideAssessment.app */,
				72367DE72E9F08B3000AA503 /* LincRideAssessmentTests.xctest */,
				72367DF12E9F08B3000AA503 /* LincRideAssessmentUITests.xctest */,
			);
			name = Products;
			sourceTree = "<group>";
		};
/* End PBXGroup section */

/* Begin PBXNativeTarget section */
		72367DD02E9F08B2000AA503 /* LincRideAssessment */ = {
			isa = PBXNativeTarget;
			buildConfigurationList = 72367DFA2E9F08B3000AA503 /* Build configuration list for PBXNativeTarget "LincRideAssessment" */;
			buildPhases = (
				72367DCD2E9F08B2000AA503 /* Sources */,
				72367DCE2E9F08B2000AA503 /* Frameworks */,
				72367DCF2E9F08B2000AA503 /* Resources */,
			);
			buildRules = (
			);
			dependencies = (
			);
			fileSystemSynchronizedGroups = (
				72367DD32E9F08B2000AA503 /* LincRideAssessment */,
			);
			name = LincRideAssessment;
			packageProductDependencies = (
			);
			productName = LincRideAssessment;
			productReference = 72367DD12E9F08B2000AA503 /* LincRideAssessment.app */;
			productType = "com.apple.product-type.application";
		};
		72367DE62E9F08B3000AA503 /* LincRideAssessmentTests */ = {
			isa = PBXNativeTarget;
			buildConfigurationList = 72367DFF2E9F08B3000AA503 /* Build configuration list for PBXNativeTarget "LincRideAssessmentTests" */;
			buildPhases = (
				72367DE32E9F08B3000AA503 /* Sources */,
				72367DE42E9F08B3000AA503 /* Frameworks */,
				72367DE52E9F08B3000AA503 /* Resources */,
			);
			buildRules = (
			);
			dependencies = (
				72367DE92E9F08B3000AA503 /* PBXTargetDependency */,
			);
			fileSystemSynchronizedGroups = (
				72367DEA2E9F08B3000AA503 /* LincRideAssessmentTests */,
			);
			name = LincRideAssessmentTests;
			packageProductDependencies = (
			);
			productName = LincRideAssessmentTests;
			productReference = 72367DE72E9F08B3000AA503 /* LincRideAssessmentTests.xctest */;
			productType = "com.apple.product-type.bundle.unit-test";
		};
		72367DF02E9F08B3000AA503 /* LincRideAssessmentUITests */ = {
			isa = PBXNativeTarget;
			buildConfigurationList = 72367E022E9F08B3000AA503 /* Build configuration list for PBXNativeTarget "LincRideAssessmentUITests" */;
			buildPhases = (
				72367DED2E9F08B3000AA503 /* Sources */,
				72367DEE2E9F08B3000AA503 /* Frameworks */,
				72367DEF2E9F08B3000AA503 /* Resources */,
			);
			buildRules = (
			);
			dependencies = (
				72367DF32E9F08B3000AA503 /* PBXTargetDependency */,
			);
			fileSystemSynchronizedGroups = (
				72367DF42E9F08B3000AA503 /* LincRideAssessmentUITests */,
			);
			name = LincRideAssessmentUITests;
			packageProductDependencies = (
			);
			productName = LincRideAssessmentUITests;
			productReference = 72367DF12E9F08B3000AA503 /* LincRideAssessmentUITests.xctest */;
			productType = "com.apple.product-type.bundle.ui-testing";
		};
/* End PBXNativeTarget section */

/* Begin PBXProject section */
		72367DC92E9F08B1000AA503 /* Project object */ = {
			isa = PBXProject;
			attributes = {
				BuildIndependentTargetsInParallel = 1;
				LastSwiftUpdateCheck = 1610;
				LastUpgradeCheck = 1610;
				TargetAttributes = {
					72367DD02E9F08B2000AA503 = {
						CreatedOnToolsVersion = 16.1;
					};
					72367DE62E9F08B3000AA503 = {
						CreatedOnToolsVersion = 16.1;
						TestTargetID = 72367DD02E9F08B2000AA503;
					};
					72367DF02E9F08B3000AA503 = {
						CreatedOnToolsVersion = 16.1;
						TestTargetID = 72367DD02E9F08B2000AA503;
					};
				};
			};
			buildConfigurationList = 72367DCC2E9F08B2000AA503 /* Build configuration list for PBXProject "LincRideAssessment" */;
			developmentRegion = en;
			hasScannedForEncodings = 0;
			knownRegions = (
				en,
				Base,
			);
			mainGroup = 72367DC82E9F08B1000AA503;
			minimizedProjectReferenceProxies = 1;
			preferredProjectObjectVersion = 77;
			productRefGroup = 72367DD22E9F08B2000AA503 /* Products */;
			projectDirPath = "";
			projectRoot = "";
			targets = (
				72367DD02E9F08B2000AA503 /* LincRideAssessment */,
				72367DE62E9F08B3000AA503 /* LincRideAssessmentTests */,
				72367DF02E9F08B3000AA503 /* LincRideAssessmentUITests */,
			);
		};
/* End PBXProject section */

/* Begin PBXResourcesBuildPhase section */
		72367DCF2E9F08B2000AA503 /* Resources */ = {
			isa = PBXResourcesBuildPhase;
			buildActionMask = 2147483647;
			files = (
				72611BD22EA0BB99008FECC2 /* README.md in Resources */,
			);
			runOnlyForDeploymentPostprocessing = 0;
		};
		72367DE52E9F08B3000AA503 /* Resources */ = {
			isa = PBXResourcesBuildPhase;
			buildActionMask = 2147483647;
			files = (
			);
			runOnlyForDeploymentPostprocessing = 0;
		};
		72367DEF2E9F08B3000AA503 /* Resources */ = {
			isa = PBXResourcesBuildPhase;
			buildActionMask = 2147483647;
			files = (
			);
			runOnlyForDeploymentPostprocessing = 0;
		};
/* End PBXResourcesBuildPhase section */

/* Begin PBXSourcesBuildPhase section */
		72367DCD2E9F08B2000AA503 /* Sources */ = {
			isa = PBXSourcesBuildPhase;
			buildActionMask = 2147483647;
			files = (
			);
			runOnlyForDeploymentPostprocessing = 0;
		};
		72367DE32E9F08B3000AA503 /* Sources */ = {
			isa = PBXSourcesBuildPhase;
			buildActionMask = 2147483647;
			files = (
			);
			runOnlyForDeploymentPostprocessing = 0;
		};
		72367DED2E9F08B3000AA503 /* Sources */ = {
			isa = PBXSourcesBuildPhase;
			buildActionMask = 2147483647;
			files = (
			);
			runOnlyForDeploymentPostprocessing = 0;
		};
/* End PBXSourcesBuildPhase section */

/* Begin PBXTargetDependency section */
		72367DE92E9F08B3000AA503 /* PBXTargetDependency */ = {
			isa = PBXTargetDependency;
			target = 72367DD02E9F08B2000AA503 /* LincRideAssessment */;
			targetProxy = 72367DE82E9F08B3000AA503 /* PBXContainerItemProxy */;
		};
		72367DF32E9F08B3000AA503 /* PBXTargetDependency */ = {
			isa = PBXTargetDependency;
			target = 72367DD02E9F08B2000AA503 /* LincRideAssessment */;
			targetProxy = 72367DF22E9F08B3000AA503 /* PBXContainerItemProxy */;
		};
/* End PBXTargetDependency section */

/* Begin XCBuildConfiguration section */
		72367DFB2E9F08B3000AA503 /* Debug */ = {
			isa = XCBuildConfiguration;
			buildSettings = {
				ASSETCATALOG_COMPILER_APPICON_NAME = AppIcon;
				ASSETCATALOG_COMPILER_GLOBAL_ACCENT_COLOR_NAME = AccentColor;
				CODE_SIGN_STYLE = Automatic;
				CURRENT_PROJECT_VERSION = 1;
				DEVELOPMENT_TEAM = NHDBVA4HXP;
				GENERATE_INFOPLIST_FILE = YES;
				INFOPLIST_FILE = LincRideAssessment/Info.plist;
				INFOPLIST_KEY_NSLocationAlwaysAndWhenInUseUsageDescription = "Allow access to your location to find nearby places.";
				INFOPLIST_KEY_NSLocationWhenInUseUsageDescription = "Allow access to your location to find nearby places.";
				INFOPLIST_KEY_UIApplicationSupportsIndirectInputEvents = YES;
				INFOPLIST_KEY_UILaunchStoryboardName = LaunchScreen;
				INFOPLIST_KEY_UIMainStoryboardFile = Main;
				INFOPLIST_KEY_UISupportedInterfaceOrientations_iPad = "UIInterfaceOrientationPortrait UIInterfaceOrientationPortraitUpsideDown UIInterfaceOrientationLandscapeLeft UIInterfaceOrientationLandscapeRight";
				INFOPLIST_KEY_UISupportedInterfaceOrientations_iPhone = "UIInterfaceOrientationPortrait UIInterfaceOrientationLandscapeLeft UIInterfaceOrientationLandscapeRight";
				LD_RUNPATH_SEARCH_PATHS = (
					"$(inherited)",
					"@executable_path/Frameworks",
				);
				MARKETING_VERSION = 1.0;
				PRODUCT_BUNDLE_IDENTIFIER = "com.prof-K.LincRideAssessment";
				PRODUCT_NAME = "$(TARGET_NAME)";
				SWIFT_EMIT_LOC_STRINGS = YES;
				SWIFT_VERSION = 5.0;
				TARGETED_DEVICE_FAMILY = "1,2";
			};
			name = Debug;
		};
		72367DFC2E9F08B3000AA503 /* Release */ = {
			isa = XCBuildConfiguration;
			buildSettings = {
				ASSETCATALOG_COMPILER_APPICON_NAME = AppIcon;
				ASSETCATALOG_COMPILER_GLOBAL_ACCENT_COLOR_NAME = AccentColor;
				CODE_SIGN_STYLE = Automatic;
				CURRENT_PROJECT_VERSION = 1;
				DEVELOPMENT_TEAM = NHDBVA4HXP;
				GENERATE_INFOPLIST_FILE = YES;
				INFOPLIST_FILE = LincRideAssessment/Info.plist;
				INFOPLIST_KEY_NSLocationAlwaysAndWhenInUseUsageDescription = "Allow access to your location to find nearby places.";
				INFOPLIST_KEY_NSLocationWhenInUseUsageDescription = "Allow access to your location to find nearby places.";
				INFOPLIST_KEY_UIApplicationSupportsIndirectInputEvents = YES;
				INFOPLIST_KEY_UILaunchStoryboardName = LaunchScreen;
				INFOPLIST_KEY_UIMainStoryboardFile = Main;
				INFOPLIST_KEY_UISupportedInterfaceOrientations_iPad = "UIInterfaceOrientationPortrait UIInterfaceOrientationPortraitUpsideDown UIInterfaceOrientationLandscapeLeft UIInterfaceOrientationLandscapeRight";
				INFOPLIST_KEY_UISupportedInterfaceOrientations_iPhone = "UIInterfaceOrientationPortrait UIInterfaceOrientationLandscapeLeft UIInterfaceOrientationLandscapeRight";
				LD_RUNPATH_SEARCH_PATHS = (
					"$(inherited)",
					"@executable_path/Frameworks",
				);
				MARKETING_VERSION = 1.0;
				PRODUCT_BUNDLE_IDENTIFIER = "com.prof-K.LincRideAssessment";
				PRODUCT_NAME = "$(TARGET_NAME)";
				SWIFT_EMIT_LOC_STRINGS = YES;
				SWIFT_VERSION = 5.0;
				TARGETED_DEVICE_FAMILY = "1,2";
			};
			name = Release;
		};
		72367DFD2E9F08B3000AA503 /* Debug */ = {
			isa = XCBuildConfiguration;
			buildSettings = {
				ALWAYS_SEARCH_USER_PATHS = NO;
				ASSETCATALOG_COMPILER_GENERATE_SWIFT_ASSET_SYMBOL_EXTENSIONS = YES;
				CLANG_ANALYZER_NONNULL = YES;
				CLANG_ANALYZER_NUMBER_OBJECT_CONVERSION = YES_AGGRESSIVE;
				CLANG_CXX_LANGUAGE_STANDARD = "gnu++20";
				CLANG_ENABLE_MODULES = YES;
				CLANG_ENABLE_OBJC_ARC = YES;
				CLANG_ENABLE_OBJC_WEAK = YES;
				CLANG_WARN_BLOCK_CAPTURE_AUTORELEASING = YES;
				CLANG_WARN_BOOL_CONVERSION = YES;
				CLANG_WARN_COMMA = YES;
				CLANG_WARN_CONSTANT_CONVERSION = YES;
				CLANG_WARN_DEPRECATED_OBJC_IMPLEMENTATIONS = YES;
				CLANG_WARN_DIRECT_OBJC_ISA_USAGE = YES_ERROR;
				CLANG_WARN_DOCUMENTATION_COMMENTS = YES;
				CLANG_WARN_EMPTY_BODY = YES;
				CLANG_WARN_ENUM_CONVERSION = YES;
				CLANG_WARN_INFINITE_RECURSION = YES;
				CLANG_WARN_INT_CONVERSION = YES;
				CLANG_WARN_NON_LITERAL_NULL_CONVERSION = YES;
				CLANG_WARN_OBJC_IMPLICIT_RETAIN_SELF = YES;
				CLANG_WARN_OBJC_LITERAL_CONVERSION = YES;
				CLANG_WARN_OBJC_ROOT_CLASS = YES_ERROR;
				CLANG_WARN_QUOTED_INCLUDE_IN_FRAMEWORK_HEADER = YES;
				CLANG_WARN_RANGE_LOOP_ANALYSIS = YES;
				CLANG_WARN_STRICT_PROTOTYPES = YES;
				CLANG_WARN_SUSPICIOUS_MOVE = YES;
				CLANG_WARN_UNGUARDED_AVAILABILITY = YES_AGGRESSIVE;
				CLANG_WARN_UNREACHABLE_CODE = YES;
				CLANG_WARN__DUPLICATE_METHOD_MATCH = YES;
				COPY_PHASE_STRIP = NO;
				DEBUG_INFORMATION_FORMAT = dwarf;
				ENABLE_STRICT_OBJC_MSGSEND = YES;
				ENABLE_TESTABILITY = YES;
				ENABLE_USER_SCRIPT_SANDBOXING = YES;
				GCC_C_LANGUAGE_STANDARD = gnu17;
				GCC_DYNAMIC_NO_PIC = NO;
				GCC_NO_COMMON_BLOCKS = YES;
				GCC_OPTIMIZATION_LEVEL = 0;
				GCC_PREPROCESSOR_DEFINITIONS = (
					"DEBUG=1",
					"$(inherited)",
				);
				GCC_WARN_64_TO_32_BIT_CONVERSION = YES;
				GCC_WARN_ABOUT_RETURN_TYPE = YES_ERROR;
				GCC_WARN_UNDECLARED_SELECTOR = YES;
				GCC_WARN_UNINITIALIZED_AUTOS = YES_AGGRESSIVE;
				GCC_WARN_UNUSED_FUNCTION = YES;
				GCC_WARN_UNUSED_VARIABLE = YES;
				IPHONEOS_DEPLOYMENT_TARGET = 18.1;
				LOCALIZATION_PREFERS_STRING_CATALOGS = YES;
				MTL_ENABLE_DEBUG_INFO = INCLUDE_SOURCE;
				MTL_FAST_MATH = YES;
				ONLY_ACTIVE_ARCH = YES;
				SDKROOT = iphoneos;
				SWIFT_ACTIVE_COMPILATION_CONDITIONS = "DEBUG $(inherited)";
				SWIFT_OPTIMIZATION_LEVEL = "-Onone";
			};
			name = Debug;
		};
		72367DFE2E9F08B3000AA503 /* Release */ = {
			isa = XCBuildConfiguration;
			buildSettings = {
				ALWAYS_SEARCH_USER_PATHS = NO;
				ASSETCATALOG_COMPILER_GENERATE_SWIFT_ASSET_SYMBOL_EXTENSIONS = YES;
				CLANG_ANALYZER_NONNULL = YES;
				CLANG_ANALYZER_NUMBER_OBJECT_CONVERSION = YES_AGGRESSIVE;
				CLANG_CXX_LANGUAGE_STANDARD = "gnu++20";
				CLANG_ENABLE_MODULES = YES;
				CLANG_ENABLE_OBJC_ARC = YES;
				CLANG_ENABLE_OBJC_WEAK = YES;
				CLANG_WARN_BLOCK_CAPTURE_AUTORELEASING = YES;
				CLANG_WARN_BOOL_CONVERSION = YES;
				CLANG_WARN_COMMA = YES;
				CLANG_WARN_CONSTANT_CONVERSION = YES;
				CLANG_WARN_DEPRECATED_OBJC_IMPLEMENTATIONS = YES;
				CLANG_WARN_DIRECT_OBJC_ISA_USAGE = YES_ERROR;
				CLANG_WARN_DOCUMENTATION_COMMENTS = YES;
				CLANG_WARN_EMPTY_BODY = YES;
				CLANG_WARN_ENUM_CONVERSION = YES;
				CLANG_WARN_INFINITE_RECURSION = YES;
				CLANG_WARN_INT_CONVERSION = YES;
				CLANG_WARN_NON_LITERAL_NULL_CONVERSION = YES;
				CLANG_WARN_OBJC_IMPLICIT_RETAIN_SELF = YES;
				CLANG_WARN_OBJC_LITERAL_CONVERSION = YES;
				CLANG_WARN_OBJC_ROOT_CLASS = YES_ERROR;
				CLANG_WARN_QUOTED_INCLUDE_IN_FRAMEWORK_HEADER = YES;
				CLANG_WARN_RANGE_LOOP_ANALYSIS = YES;
				CLANG_WARN_STRICT_PROTOTYPES = YES;
				CLANG_WARN_SUSPICIOUS_MOVE = YES;
				CLANG_WARN_UNGUARDED_AVAILABILITY = YES_AGGRESSIVE;
				CLANG_WARN_UNREACHABLE_CODE = YES;
				CLANG_WARN__DUPLICATE_METHOD_MATCH = YES;
				COPY_PHASE_STRIP = NO;
				DEBUG_INFORMATION_FORMAT = "dwarf-with-dsym";
				ENABLE_NS_ASSERTIONS = NO;
				ENABLE_STRICT_OBJC_MSGSEND = YES;
				ENABLE_USER_SCRIPT_SANDBOXING = YES;
				GCC_C_LANGUAGE_STANDARD = gnu17;
				GCC_NO_COMMON_BLOCKS = YES;
				GCC_WARN_64_TO_32_BIT_CONVERSION = YES;
				GCC_WARN_ABOUT_RETURN_TYPE = YES_ERROR;
				GCC_WARN_UNDECLARED_SELECTOR = YES;
				GCC_WARN_UNINITIALIZED_AUTOS = YES_AGGRESSIVE;
				GCC_WARN_UNUSED_FUNCTION = YES;
				GCC_WARN_UNUSED_VARIABLE = YES;
				IPHONEOS_DEPLOYMENT_TARGET = 18.1;
				LOCALIZATION_PREFERS_STRING_CATALOGS = YES;
				MTL_ENABLE_DEBUG_INFO = NO;
				MTL_FAST_MATH = YES;
				SDKROOT = iphoneos;
				SWIFT_COMPILATION_MODE = wholemodule;
				VALIDATE_PRODUCT = YES;
			};
			name = Release;
		};
		72367E002E9F08B3000AA503 /* Debug */ = {
			isa = XCBuildConfiguration;
			buildSettings = {
				BUNDLE_LOADER = "$(TEST_HOST)";
				CODE_SIGN_STYLE = Automatic;
				CURRENT_PROJECT_VERSION = 1;
				DEVELOPMENT_TEAM = NHDBVA4HXP;
				GENERATE_INFOPLIST_FILE = YES;
				IPHONEOS_DEPLOYMENT_TARGET = 18.1;
				MARKETING_VERSION = 1.0;
				PRODUCT_BUNDLE_IDENTIFIER = "com.prof-K.LincRideAssessmentTests";
				PRODUCT_NAME = "$(TARGET_NAME)";
				SWIFT_EMIT_LOC_STRINGS = NO;
				SWIFT_VERSION = 5.0;
				TARGETED_DEVICE_FAMILY = "1,2";
				TEST_HOST = "$(BUILT_PRODUCTS_DIR)/LincRideAssessment.app/$(BUNDLE_EXECUTABLE_FOLDER_PATH)/LincRideAssessment";
			};
			name = Debug;
		};
		72367E012E9F08B3000AA503 /* Release */ = {
			isa = XCBuildConfiguration;
			buildSettings = {
				BUNDLE_LOADER = "$(TEST_HOST)";
				CODE_SIGN_STYLE = Automatic;
				CURRENT_PROJECT_VERSION = 1;
				DEVELOPMENT_TEAM = NHDBVA4HXP;
				GENERATE_INFOPLIST_FILE = YES;
				IPHONEOS_DEPLOYMENT_TARGET = 18.1;
				MARKETING_VERSION = 1.0;
				PRODUCT_BUNDLE_IDENTIFIER = "com.prof-K.LincRideAssessmentTests";
				PRODUCT_NAME = "$(TARGET_NAME)";
				SWIFT_EMIT_LOC_STRINGS = NO;
				SWIFT_VERSION = 5.0;
				TARGETED_DEVICE_FAMILY = "1,2";
				TEST_HOST = "$(BUILT_PRODUCTS_DIR)/LincRideAssessment.app/$(BUNDLE_EXECUTABLE_FOLDER_PATH)/LincRideAssessment";
			};
			name = Release;
		};
		72367E032E9F08B3000AA503 /* Debug */ = {
			isa = XCBuildConfiguration;
			buildSettings = {
				CODE_SIGN_STYLE = Automatic;
				CURRENT_PROJECT_VERSION = 1;
				DEVELOPMENT_TEAM = NHDBVA4HXP;
				GENERATE_INFOPLIST_FILE = YES;
				MARKETING_VERSION = 1.0;
				PRODUCT_BUNDLE_IDENTIFIER = "com.prof-K.LincRideAssessmentUITests";
				PRODUCT_NAME = "$(TARGET_NAME)";
				SWIFT_EMIT_LOC_STRINGS = NO;
				SWIFT_VERSION = 5.0;
				TARGETED_DEVICE_FAMILY = "1,2";
				TEST_TARGET_NAME = LincRideAssessment;
			};
			name = Debug;
		};
		72367E042E9F08B3000AA503 /* Release */ = {
			isa = XCBuildConfiguration;
			buildSettings = {
				CODE_SIGN_STYLE = Automatic;
				CURRENT_PROJECT_VERSION = 1;
				DEVELOPMENT_TEAM = NHDBVA4HXP;
				GENERATE_INFOPLIST_FILE = YES;
				MARKETING_VERSION = 1.0;
				PRODUCT_BUNDLE_IDENTIFIER = "com.prof-K.LincRideAssessmentUITests";
				PRODUCT_NAME = "$(TARGET_NAME)";
				SWIFT_EMIT_LOC_STRINGS = NO;
				SWIFT_VERSION = 5.0;
				TARGETED_DEVICE_FAMILY = "1,2";
				TEST_TARGET_NAME = LincRideAssessment;
			};
			name = Release;
		};
/* End XCBuildConfiguration section */

/* Begin XCConfigurationList section */
		72367DCC2E9F08B2000AA503 /* Build configuration list for PBXProject "LincRideAssessment" */ = {
			isa = XCConfigurationList;
			buildConfigurations = (
				72367DFD2E9F08B3000AA503 /* Debug */,
				72367DFE2E9F08B3000AA503 /* Release */,
			);
			defaultConfigurationIsVisible = 0;
			defaultConfigurationName = Release;
		};
		72367DFA2E9F08B3000AA503 /* Build configuration list for PBXNativeTarget "LincRideAssessment" */ = {
			isa = XCConfigurationList;
			buildConfigurations = (
				72367DFB2E9F08B3000AA503 /* Debug */,
				72367DFC2E9F08B3000AA503 /* Release */,
			);
			defaultConfigurationIsVisible = 0;
			defaultConfigurationName = Release;
		};
		72367DFF2E9F08B3000AA503 /* Build configuration list for PBXNativeTarget "LincRideAssessmentTests" */ = {
			isa = XCConfigurationList;
			buildConfigurations = (
				72367E002E9F08B3000AA503 /* Debug */,
				72367E012E9F08B3000AA503 /* Release */,
			);
			defaultConfigurationIsVisible = 0;
			defaultConfigurationName = Release;
		};
		72367E022E9F08B3000AA503 /* Build configuration list for PBXNativeTarget "LincRideAssessmentUITests" */ = {
			isa = XCConfigurationList;
			buildConfigurations = (
				72367E032E9F08B3000AA503 /* Debug */,
				72367E042E9F08B3000AA503 /* Release */,
			);
			defaultConfigurationIsVisible = 0;
			defaultConfigurationName = Release;
		};
/* End XCConfigurationList section */
	};
	rootObject = 72367DC92E9F08B1000AA503 /* Project object */;
}
